
Microsoft Visual Studio Solution File, Format Version 12.00
# Visual Studio Version 17
VisualStudioVersion = 17.10.35013.160
MinimumVisualStudioVersion = 10.0.40219.1
Project("{FAE04EC0-301F-11D3-BF4B-00C04F79EFBC}") = "MVCWithLinq1", "MVCWithLinq1\MVCWithLinq1.csproj", "{552F708A-0B1A-4456-AE41-3AE754C3FE2B}"
EndProject
Global
	GlobalSection(SolutionConfigurationPlatforms) = preSolution
		Debug|Any CPU = Debug|Any CPU
		Release|Any CPU = Release|Any CPU
	EndGlobalSection
	GlobalSection(ProjectConfigurationPlatforms) = postSolution
		{552F708A-0B1A-4456-AE41-3AE754C3FE2B}.Debug|Any CPU.ActiveCfg = Debug|Any CPU
		{552F708A-0B1A-4456-AE41-3AE754C3FE2B}.Debug|Any CPU.Build.0 = Debug|Any CPU
		{552F708A-0B1A-4456-AE41-3AE754C3FE2B}.Release|Any CPU.ActiveCfg = Release|Any CPU
		{552F708A-0B1A-4456-AE41-3AE754C3FE2B}.Release|Any CPU.Build.0 = Release|Any CPU
	EndGlobalSection
	GlobalSection(SolutionProperties) = preSolution
		HideSolutionNode = FALSE
	EndGlobalSection
	GlobalSection(ExtensibilityGlobals) = postSolution
		SolutionGuid = {DBB2A13E-C0B1-4250-95D0-08C23A7B397E}
	EndGlobalSection
EndGlobal
